
Microsoft Visual Studio Solution File, Format Version 12.00
# Visual Studio Version 17
VisualStudioVersion = 17.6.33829.357
MinimumVisualStudioVersion = 10.0.40219.1
Project("{FAE04EC0-301F-11D3-BF4B-00C04F79EFBC}") = "LINQPractice", "LINQPractice.csproj", "{C4BA57E3-4D6C-4C34-B2EC-696EB8E20467}"
EndProject
Global
	GlobalSection(SolutionConfigurationPlatforms) = preSolution
		Debug|Any CPU = Debug|Any CPU
		Release|Any CPU = Release|Any CPU
	EndGlobalSection
	GlobalSection(ProjectConfigurationPlatforms) = postSolution
		{C4BA57E3-4D6C-4C34-B2EC-696EB8E20467}.Debug|Any CPU.ActiveCfg = Debug|Any CPU
		{C4BA57E3-4D6C-4C34-B2EC-696EB8E20467}.Debug|Any CPU.Build.0 = Debug|Any CPU
		{C4BA57E3-4D6C-4C34-B2EC-696EB8E20467}.Release|Any CPU.ActiveCfg = Release|Any CPU
		{C4BA57E3-4D6C-4C34-B2EC-696EB8E20467}.Release|Any CPU.Build.0 = Release|Any CPU
	EndGlobalSection
	GlobalSection(SolutionProperties) = preSolution
		HideSolutionNode = FALSE
	EndGlobalSection
	GlobalSection(ExtensibilityGlobals) = postSolution
		SolutionGuid = {3723A0CB-52B1-4BEB-AC4E-063CB44B7366}
	EndGlobalSection
EndGlobal
